
Microsoft Visual Studio Solution File, Format Version 12.00
# Visual Studio 15
VisualStudioVersion = 15.0.27428.2043
MinimumVisualStudioVersion = 10.0.40219.1
Project("{9A19103F-16F7-4668-BE54-9A1E7A4F7556}") = "leonardo-wpf", "leonardo-wpf.csproj", "{C304CF07-B19D-4B83-B27C-06CC38A2E40F}"
EndProject
Global
	GlobalSection(SolutionConfigurationPlatforms) = preSolution
		Debug|Any CPU = Debug|Any CPU
		Release|Any CPU = Release|Any CPU
	EndGlobalSection
	GlobalSection(ProjectConfigurationPlatforms) = postSolution
		{C304CF07-B19D-4B83-B27C-06CC38A2E40F}.Debug|Any CPU.ActiveCfg = Debug|Any CPU
		{C304CF07-B19D-4B83-B27C-06CC38A2E40F}.Debug|Any CPU.Build.0 = Debug|Any CPU
		{C304CF07-B19D-4B83-B27C-06CC38A2E40F}.Release|Any CPU.ActiveCfg = Release|Any CPU
		{C304CF07-B19D-4B83-B27C-06CC38A2E40F}.Release|Any CPU.Build.0 = Release|Any CPU
	EndGlobalSection
	GlobalSection(SolutionProperties) = preSolution
		HideSolutionNode = FALSE
	EndGlobalSection
	GlobalSection(ExtensibilityGlobals) = postSolution
		SolutionGuid = {E6998009-7217-474A-9577-290FB39BA4DE}
	EndGlobalSection
EndGlobal
